
Microsoft Visual Studio Solution File, Format Version 12.00
# Visual Studio Version 17
VisualStudioVersion = 17.6.33723.286
MinimumVisualStudioVersion = 10.0.40219.1
Project("{9A19103F-16F7-4668-BE54-9A1E7A4F7556}") = "ATaskApi", "ATaskApi\ATaskApi.csproj", "{8C67564D-769B-428D-8B72-CE049D08CBB1}"
EndProject
Project("{FAE04EC0-301F-11D3-BF4B-00C04F79EFBC}") = "UnitTestProject1", "UnitTestProject1\UnitTestProject1.csproj", "{FFD71684-C0AF-4452-9DF5-94FD9119EE45}"
EndProject
Project("{E53339B2-1760-4266-BCC7-CA923CBCF16C}") = "docker-compose", "docker-compose.dcproj", "{7254D82C-CDE8-49F4-AC27-ED72CE48805F}"
EndProject
Global
	GlobalSection(SolutionConfigurationPlatforms) = preSolution
		Debug|Any CPU = Debug|Any CPU
		Release|Any CPU = Release|Any CPU
	EndGlobalSection
	GlobalSection(ProjectConfigurationPlatforms) = postSolution
		{8C67564D-769B-428D-8B72-CE049D08CBB1}.Debug|Any CPU.ActiveCfg = Debug|Any CPU
		{8C67564D-769B-428D-8B72-CE049D08CBB1}.Debug|Any CPU.Build.0 = Debug|Any CPU
		{8C67564D-769B-428D-8B72-CE049D08CBB1}.Release|Any CPU.ActiveCfg = Release|Any CPU
		{8C67564D-769B-428D-8B72-CE049D08CBB1}.Release|Any CPU.Build.0 = Release|Any CPU
		{FFD71684-C0AF-4452-9DF5-94FD9119EE45}.Debug|Any CPU.ActiveCfg = Debug|Any CPU
		{FFD71684-C0AF-4452-9DF5-94FD9119EE45}.Debug|Any CPU.Build.0 = Debug|Any CPU
		{FFD71684-C0AF-4452-9DF5-94FD9119EE45}.Release|Any CPU.ActiveCfg = Release|Any CPU
		{FFD71684-C0AF-4452-9DF5-94FD9119EE45}.Release|Any CPU.Build.0 = Release|Any CPU
		{7254D82C-CDE8-49F4-AC27-ED72CE48805F}.Debug|Any CPU.ActiveCfg = Debug|Any CPU
		{7254D82C-CDE8-49F4-AC27-ED72CE48805F}.Debug|Any CPU.Build.0 = Debug|Any CPU
		{7254D82C-CDE8-49F4-AC27-ED72CE48805F}.Release|Any CPU.ActiveCfg = Release|Any CPU
		{7254D82C-CDE8-49F4-AC27-ED72CE48805F}.Release|Any CPU.Build.0 = Release|Any CPU
	EndGlobalSection
	GlobalSection(SolutionProperties) = preSolution
		HideSolutionNode = FALSE
	EndGlobalSection
	GlobalSection(ExtensibilityGlobals) = postSolution
		SolutionGuid = {F2713CAC-375D-4FBD-9F13-5D3889D7059A}
	EndGlobalSection
EndGlobal
